PODS:
  - CalculateCalendarLogic (0.8.1)
  - Realm (20.0.2):
    - Realm/Headers (= 20.0.2)
  - Realm/Headers (20.0.2)
  - RealmSwift (20.0.2):
    - Realm (= 20.0.2)

DEPENDENCIES:
  - CalculateCalendarLogic
  - Realm (= 20.0.2)
  - RealmSwift (= 20.0.2)

SPEC REPOS:
  trunk:
    - CalculateCalendarLogic
    - Realm
    - RealmSwift

SPEC CHECKSUMS:
  CalculateCalendarLogic: 45ea071add8efe0c30524607d3359eb79de8ba82
  Realm: 395416e3b150a37ca12fee6477a2ec8c11f8a048
  RealmSwift: 199fd4d7e86491d1147c662c6a36aa55136a54d0

PODFILE CHECKSUM: 0a3cba6eb46d7a552fdb4dc043afa4c31639e42a

COCOAPODS: 1.16.2
